{
  "name": "main",
  "lockfileVersion": 3,
  "requires": true,
  "packages": {
    "": {
      "dependencies": {
        "extract-json-string": "^1.0.1",
        "ws": "^8.18.2"
      }
    },
    "node_modules/extract-json-string": {
      "version": "1.0.1",
      "resolved": "https://registry.npmjs.org/extract-json-string/-/extract-json-string-1.0.1.tgz",
      "integrity": "sha512-qigLgel9C6bUtHXp+xiwA3sgFcqiNqITeuYbHYh3K5zGeIOIJ9/8eXC8kTjTOykGW8lx1wn5phh5CZ5Kt5Oh6w=="
    },
    "node_modules/ws": {
      "version": "8.18.2",
      "resolved": "https://registry.npmjs.org/ws/-/ws-8.18.2.tgz",
      "integrity": "sha512-DMricUmwGZUVr++AEAe2uiVM7UoO9MAVZMDu05UQOaUII0lp+zOzLLU4Xqh/JvTqklB1T4uELaaPBKyjE1r4fQ==",
      "engines": {
        "node": ">=10.0.0"
      },
      "peerDependencies": {
        "bufferutil": "^4.0.1",
        "utf-8-validate": ">=5.0.2"
      },
      "peerDependenciesMeta": {
        "bufferutil": {
          "optional": true
        },
        "utf-8-validate": {
          "optional": true
        }
      }
    }
  }
}
